
Microsoft Visual Studio Solution File, Format Version 12.00
# Visual Studio Version 16
VisualStudioVersion = 16.0.30804.86
MinimumVisualStudioVersion = 10.0.40219.1
Project("{FAE04EC0-301F-11D3-BF4B-00C04F79EFBC}") = "02.DatabaseFirst", "02.DatabaseFirst\02.DatabaseFirst.csproj", "{A6ADAC56-95F6-458B-BA9C-15BBC7D91281}"
EndProject
Global
	GlobalSection(SolutionConfigurationPlatforms) = preSolution
		Debug|Any CPU = Debug|Any CPU
		Release|Any CPU = Release|Any CPU
	EndGlobalSection
	GlobalSection(ProjectConfigurationPlatforms) = postSolution
		{A6ADAC56-95F6-458B-BA9C-15BBC7D91281}.Debug|Any CPU.ActiveCfg = Debug|Any CPU
		{A6ADAC56-95F6-458B-BA9C-15BBC7D91281}.Debug|Any CPU.Build.0 = Debug|Any CPU
		{A6ADAC56-95F6-458B-BA9C-15BBC7D91281}.Release|Any CPU.ActiveCfg = Release|Any CPU
		{A6ADAC56-95F6-458B-BA9C-15BBC7D91281}.Release|Any CPU.Build.0 = Release|Any CPU
	EndGlobalSection
	GlobalSection(SolutionProperties) = preSolution
		HideSolutionNode = FALSE
	EndGlobalSection
	GlobalSection(ExtensibilityGlobals) = postSolution
		SolutionGuid = {96DF755C-6C79-4A19-9FB2-EBDAFB9E6D3D}
	EndGlobalSection
EndGlobal
